
Microsoft Visual Studio Solution File, Format Version 12.00
# Visual Studio Version 16
VisualStudioVersion = 16.0.31321.278
MinimumVisualStudioVersion = 10.0.40219.1
Project("{FAE04EC0-301F-11D3-BF4B-00C04F79EFBC}") = "WebApi", "WebApi.csproj", "{F99E97EC-BC2C-4401-851F-5C70046D5419}"
EndProject
Global
	GlobalSection(SolutionConfigurationPlatforms) = preSolution
		Debug|Any CPU = Debug|Any CPU
		Release|Any CPU = Release|Any CPU
	EndGlobalSection
	GlobalSection(ProjectConfigurationPlatforms) = postSolution
		{F99E97EC-BC2C-4401-851F-5C70046D5419}.Debug|Any CPU.ActiveCfg = Debug|Any CPU
		{F99E97EC-BC2C-4401-851F-5C70046D5419}.Debug|Any CPU.Build.0 = Debug|Any CPU
		{F99E97EC-BC2C-4401-851F-5C70046D5419}.Release|Any CPU.ActiveCfg = Release|Any CPU
		{F99E97EC-BC2C-4401-851F-5C70046D5419}.Release|Any CPU.Build.0 = Release|Any CPU
	EndGlobalSection
	GlobalSection(SolutionProperties) = preSolution
		HideSolutionNode = FALSE
	EndGlobalSection
	GlobalSection(ExtensibilityGlobals) = postSolution
		SolutionGuid = {15B212A3-F45D-4A27-9447-59CD8B1148B0}
	EndGlobalSection
EndGlobal
